<?xml version="1.0" encoding="utf-8"?>
<Project ToolsVersion="4.0" xmlns="http://schemas.microsoft.com/developer/msbuild/2003">
  <ItemGroup>
    <Filter Include="Source Files">
      <UniqueIdentifier>{4FC737F1-C7A5-4376-A066-2A32D752A2FF}</UniqueIdentifier>
      <Extensions>cpp;c;cc;cxx;c++;cppm;ixx;def;odl;idl;hpj;bat;asm;asmx</Extensions>
    </Filter>
    <Filter Include="Header Files">
      <UniqueIdentifier>{93995380-89BD-4b04-88EB-625FBE52EBFB}</UniqueIdentifier>
      <Extensions>h;hh;hpp;hxx;h++;hm;inl;inc;ipp;xsd</Extensions>
    </Filter>
    <Filter Include="Resource Files">
      <UniqueIdentifier>{67DA6AB6-F800-4c08-8B7A-83BB121AAD01}</UniqueIdentifier>
      <Extensions>rc;ico;cur;bmp;dlg;rc2;rct;bin;rgs;gif;jpg;jpeg;jpe;resx;tiff;tif;png;wav;mfcribbon-ms</Extensions>
    </Filter>
    <Filter Include="Libraries">
      <UniqueIdentifier>{8BC9CEB8-8B4A-11D0-8D11-00A0C91BC942}</UniqueIdentifier>
    </Filter>
    <Filter Include="Libraries\Filters">
      <UniqueIdentifier>{A8B6DE12-3456-4789-ABCD-EF0123456789}</UniqueIdentifier>
    </Filter>
    <Filter Include="Libraries\Transforms">
      <UniqueIdentifier>{B9C7EF23-4567-5890-BCDE-F01234567890}</UniqueIdentifier>
    </Filter>
    <Filter Include="Libraries\Histogram">
      <UniqueIdentifier>{C0D8F034-5678-6901-CDEF-012345678901}</UniqueIdentifier>
    </Filter>
  </ItemGroup>
  <ItemGroup>
    <ClCompile Include="src\main.cpp">
      <Filter>Source Files</Filter>
    </ClCompile>
    <ClCompile Include="src\MainWindow.cpp">
      <Filter>Source Files</Filter>
    </ClCompile>
    <ClCompile Include="src\ImageCanvas.cpp">
      <Filter>Source Files</Filter>
    </ClCompile>
    <ClCompile Include="src\HistogramWidget.cpp">
      <Filter>Source Files</Filter>
    </ClCompile>
    <ClCompile Include="src\moc_MainWindow.cpp">
      <Filter>Source Files</Filter>
    </ClCompile>
    <ClCompile Include="src\moc_ImageCanvas.cpp">
      <Filter>Source Files</Filter>
    </ClCompile>
    <ClCompile Include="src\moc_HistogramWidget.cpp">
      <Filter>Source Files</Filter>
    </ClCompile>
    <ClCompile Include="lib\filters\ImageFilters.cpp">
      <Filter>Libraries\Filters</Filter>
    </ClCompile>
    <ClCompile Include="src\RightSidebarWidget.cpp">
      <Filter>Source Files</Filter>
    </ClCompile>
    <ClCompile Include="src\LayerManager.cpp">
      <Filter>Source Files</Filter>
    </ClCompile>
    <ClCompile Include="src\ImageProcessor.cpp">
      <Filter>Source Files</Filter>
    </ClCompile>
    <ClCompile Include="src\TransformDialog.cpp">
      <Filter>Source Files</Filter>
    </ClCompile>
    <ClCompile Include="src\CropTool.cpp">
      <Filter>Source Files</Filter>
    </ClCompile>
    <ClCompile Include="src\moc_CropTool.cpp">
      <Filter>Source Files</Filter>
    </ClCompile>
    <ClCompile Include="src\CompressionDialog.cpp">
      <Filter>Source Files</Filter>
    </ClCompile>
    <ClCompile Include="src\moc_CompressionDialog.cpp">
      <Filter>Source Files</Filter>
    </ClCompile>
    <ClCompile Include="src\AutoEnhanceDialog.cpp">
      <Filter>Source Files</Filter>
    </ClCompile>
    <ClCompile Include="src\moc_AutoEnhanceDialog.cpp">
      <Filter>Source Files</Filter>
    </ClCompile>
    <ClCompile Include="src\NoiseRemovalDialog.cpp">
      <Filter>Source Files</Filter>
    </ClCompile>
    <ClCompile Include="src\moc_NoiseRemovalDialog.cpp">
      <Filter>Source Files</Filter>
    </ClCompile>
    <ClCompile Include="src\CollapsibleToolbar.cpp">
      <Filter>Source Files</Filter>
    </ClCompile>
    <ClCompile Include="src\moc_CollapsibleToolbar.cpp">
      <Filter>Source Files</Filter>
    </ClCompile>
    <ClCompile Include="src\qrc_icons.cpp">
      <Filter>Source Files</Filter>
    </ClCompile>
    <ClCompile Include="src\ROIShape.cpp">
      <Filter>Source Files</Filter>
    </ClCompile>
    <ClCompile Include="src\ROIManager.cpp">
      <Filter>Source Files</Filter>
    </ClCompile>
    <ClCompile Include="src\moc_ROIManager.cpp">
      <Filter>Source Files</Filter>
    </ClCompile>
    <ClCompile Include="src\ROIDialog.cpp">
      <Filter>Source Files</Filter>
    </ClCompile>
    <ClCompile Include="src\moc_ROIDialog.cpp">
      <Filter>Source Files</Filter>
    </ClCompile>
    <ClCompile Include="src\ImageMetrics.cpp">
      <Filter>Source Files</Filter>
    </ClCompile>
    <ClCompile Include="src\AdjustmentDialog.cpp">
      <Filter>Source Files</Filter>
    </ClCompile>
    <ClCompile Include="src\moc_TransformDialog.cpp">
      <Filter>Source Files</Filter>
    </ClCompile>
    <ClCompile Include="src\moc_RightSidebarWidget.cpp">
      <Filter>Source Files</Filter>
    </ClCompile>
    <ClCompile Include="src\moc_LayerManager.cpp">
      <Filter>Source Files</Filter>
    </ClCompile>
    <ClCompile Include="src\moc_AdjustmentDialog.cpp">
      <Filter>Source Files</Filter>
    </ClCompile>
    <ClCompile Include="src\qrc_fonts.cpp">
      <Filter>Source Files</Filter>
    </ClCompile>
    <ClCompile Include="src\FontAwesomeIcon.cpp">
      <Filter>Source Files</Filter>
    </ClCompile>
  </ItemGroup>
  <ItemGroup>
    <ClInclude Include="include\MainWindow.h">
      <Filter>Header Files</Filter>
    </ClInclude>
    <ClInclude Include="include\ImageCanvas.h">
      <Filter>Header Files</Filter>
    </ClInclude>
    <ClInclude Include="include\HistogramWidget.h">
      <Filter>Header Files</Filter>
    </ClInclude>
    <ClInclude Include="include\RightSidebarWidget.h">
      <Filter>Header Files</Filter>
    </ClInclude>
    <ClInclude Include="include\LayerManager.h">
      <Filter>Header Files</Filter>
    </ClInclude>
    <ClInclude Include="include\ImageProcessor.h">
      <Filter>Header Files</Filter>
    </ClInclude>
    <ClInclude Include="include\TransformDialog.h">
      <Filter>Header Files</Filter>
    </ClInclude>
    <ClInclude Include="include\CropTool.h">
      <Filter>Header Files</Filter>
    </ClInclude>
    <ClInclude Include="include\CompressionDialog.h">
      <Filter>Header Files</Filter>
    </ClInclude>
    <ClInclude Include="include\AutoEnhanceDialog.h">
      <Filter>Header Files</Filter>
    </ClInclude>
    <ClInclude Include="include\NoiseRemovalDialog.h">
      <Filter>Header Files</Filter>
    </ClInclude>
    <ClInclude Include="include\CollapsibleToolbar.h">
      <Filter>Header Files</Filter>
    </ClInclude>
    <ClInclude Include="include\ROIShape.h">
      <Filter>Header Files</Filter>
    </ClInclude>
    <ClInclude Include="include\ROIManager.h">
      <Filter>Header Files</Filter>
    </ClInclude>
    <ClInclude Include="include\ROIDialog.h">
      <Filter>Header Files</Filter>
    </ClInclude>
    <ClInclude Include="include\ImageMetrics.h">
      <Filter>Header Files</Filter>
    </ClInclude>
    <ClInclude Include="include\AdjustmentDialog.h">
      <Filter>Header Files</Filter>
    </ClInclude>
    <ClInclude Include="include\filters\ImageFilters.h">
      <Filter>Header Files</Filter>
    </ClInclude>
    <ClInclude Include="include\FontAwesomeIcon.h">
      <Filter>Header Files</Filter>
    </ClInclude>
  </ItemGroup>
  <ItemGroup>
    <None Include="CONSOLE_WARNINGS_FIX.md" />
    <None Include="PHASE11_ZOOM_PAN_COMPLETE.md" />
    <None Include="PHASE11_ZOOM_PAN_PLAN.md" />
    <None Include="PHASE12_ROI_COMPLETE.md" />
    <None Include="PHASE12_SUCCESS_REPORT.md" />
    <None Include="PHASE8_AUTO_ENHANCE_COMPLETE.md" />
    <None Include="PHASE8_GITHUB_UPLOAD.md" />
    <None Include="PHASE9_NOISE_REMOVAL_COMPLETE.md" />
    <None Include="PROJECT_COMPLETE.md" />
    <None Include="QUICK_FIX.md" />
    <None Include="scripts\add_new_files.ps1" />
    <None Include="ICON_SYSTEM_FINAL.md" />
    <None Include="apply_phase13_edge_detectors.ps1" />
    <None Include="FONT_AWESOME_SUCCESS.md" />
  </ItemGroup>
  <ItemGroup>
    <Text Include="FIX_DRAWING_CRASH.txt" />
    <Text Include="phase13_functions.txt" />
  </ItemGroup>
</Project>